{
  "originHash" : "168a929d1c9954fddfb06612e2ea7e8b69cb946275465a5ef0cdad703f71130d",
  "pins" : [
    {
      "identity" : "sfsymbolskit",
      "kind" : "remoteSourceControl",
      "location" : "https://github.com/WikipediaBrown/SFSymbolsKit.git",
      "state" : {
        "revision" : "673c440d2ed9045caa09450840a67ced28dabd61",
        "version" : "1.0.9"
      }
    },
    {
      "identity" : "swift-argument-parser",
      "kind" : "remoteSourceControl",
      "location" : "https://github.com/apple/swift-argument-parser",
      "state" : {
        "revision" : "626b5b7b2f45e1b0b1c6f4a309296d1d21d7311b",
        "version" : "1.7.1"
      }
    }
  ],
  "version" : 3
}
